// !$*UTF8*$!
{
	archiveVersion = 1;
	classes = {
	};
	objectVersion = 55;
	objects = {

/* Begin PBXBuildFile section */
		AF0A97FB2B47D4B1D4241EDD /* Pods_FireBaseAppTest210926.framework in Frameworks */ = {isa = PBXBuildFile; fileRef = D268953552BF267D44778301 /* Pods_FireBaseAppTest210926.framework */; };
		BFBC11672703167700E2C7F4 /* GoogleService-Info.plist in Resources */ = {isa = PBXBuildFile; fileRef = BFBC11662703167700E2C7F4 /* GoogleService-Info.plist */; };
		BFC4ECC22700470200F21A78 /* AppDelegate.swift in Sources */ = {isa = PBXBuildFile; fileRef = BFC4ECC12700470200F21A78 /* AppDelegate.swift */; };
		BFC4ECC42700470200F21A78 /* SceneDelegate.swift in Sources */ = {isa = PBXBuildFile; fileRef = BFC4ECC32700470200F21A78 /* SceneDelegate.swift */; };
		BFC4ECC62700470200F21A78 /* ViewController.swift in Sources */ = {isa = PBXBuildFile; fileRef = BFC4ECC52700470200F21A78 /* ViewController.swift */; };
		BFC4ECC92700470200F21A78 /* Main.storyboard in Resources */ = {isa = PBXBuildFile; fileRef = BFC4ECC72700470200F21A78 /* Main.storyboard */; };
		BFC4ECCB2700470300F21A78 /* Assets.xcassets in Resources */ = {isa = PBXBuildFile; fileRef = BFC4ECCA2700470300F21A78 /* Assets.xcassets */; };
		BFC4ECCE2700470300F21A78 /* LaunchScreen.storyboard in Resources */ = {isa = PBXBuildFile; fileRef = BFC4ECCC2700470300F21A78 /* LaunchScreen.storyboard */; };
/* End PBXBuildFile section */

/* Begin PBXFileReference section */
		242934CF227D7E3F1E071694 /* Pods-FireBaseAppTest210926.release.xcconfig */ = {isa = PBXFileReference; includeInIndex = 1; lastKnownFileType = text.xcconfig; name = "Pods-FireBaseAppTest210926.release.xcconfig"; path = "Target Support Files/Pods-FireBaseAppTest210926/Pods-FireBaseAppTest210926.release.xcconfig"; sourceTree = "<group>"; };
		B16A92CFB4F0B97DDEDB11B9 /* Pods-FireBaseAppTest210926.debug.xcconfig */ = {isa = PBXFileReference; includeInIndex = 1; lastKnownFileType = text.xcconfig; name = "Pods-FireBaseAppTest210926.debug.xcconfig"; path = "Target Support Files/Pods-FireBaseAppTest210926/Pods-FireBaseAppTest210926.debug.xcconfig"; sourceTree = "<group>"; };
		BFBC11662703167700E2C7F4 /* GoogleService-Info.plist */ = {isa = PBXFileReference; fileEncoding = 4; lastKnownFileType = text.plist.xml; path = "GoogleService-Info.plist"; sourceTree = "<group>"; };
		BFC4ECBE2700470200F21A78 /* FireBaseAppTest210926.app */ = {isa = PBXFileReference; explicitFileType = wrapper.application; includeInIndex = 0; path = FireBaseAppTest210926.app; sourceTree = BUILT_PRODUCTS_DIR; };
		BFC4ECC12700470200F21A78 /* AppDelegate.swift */ = {isa = PBXFileReference; lastKnownFileType = sourcecode.swift; path = AppDelegate.swift; sourceTree = "<group>"; };
		BFC4ECC32700470200F21A78 /* SceneDelegate.swift */ = {isa = PBXFileReference; lastKnownFileType = sourcecode.swift; path = SceneDelegate.swift; sourceTree = "<group>"; };
		BFC4ECC52700470200F21A78 /* ViewController.swift */ = {isa = PBXFileReference; lastKnownFileType = sourcecode.swift; path = ViewController.swift; sourceTree = "<group>"; };
		BFC4ECC82700470200F21A78 /* Base */ = {isa = PBXFileReference; lastKnownFileType = file.storyboard; name = Base; path = Base.lproj/Main.storyboard; sourceTree = "<group>"; };
		BFC4ECCA2700470300F21A78 /* Assets.xcassets */ = {isa = PBXFileReference; lastKnownFileType = folder.assetcatalog; path = Assets.xcassets; sourceTree = "<group>"; };
		BFC4ECCD2700470300F21A78 /* Base */ = {isa = PBXFileReference; lastKnownFileType = file.storyboard; name = Base; path = Base.lproj/LaunchScreen.storyboard; sourceTree = "<group>"; };
		BFC4ECCF2700470300F21A78 /* Info.plist */ = {isa = PBXFileReference; lastKnownFileType = text.plist.xml; path = Info.plist; sourceTree = "<group>"; };
		D268953552BF267D44778301 /* Pods_FireBaseAppTest210926.framework */ = {isa = PBXFileReference; explicitFileType = wrapper.framework; includeInIndex = 0; path = Pods_FireBaseAppTest210926.framework; sourceTree = BUILT_PRODUCTS_DIR; };
/* End PBXFileReference section */

/* Begin PBXFrameworksBuildPhase section */
		BFC4ECBB2700470200F21A78 /* Frameworks */ = {
			isa = PBXFrameworksBuildPhase;
			buildActionMask = 2147483647;
			files = (
				AF0A97FB2B47D4B1D4241EDD /* Pods_FireBaseAppTest210926.framework in Frameworks */,
			);
			runOnlyForDeploymentPostprocessing = 0;
		};
/* End PBXFrameworksBuildPhase section */

/* Begin PBXGroup section */
		7EB673FF814845D9DB9EE6CD /* Frameworks */ = {
			isa = PBXGroup;
			children = (
				D268953552BF267D44778301 /* Pods_FireBaseAppTest210926.framework */,
			);
			name = Frameworks;
			sourceTree = "<group>";
		};
		BFC4ECB52700470200F21A78 = {
			isa = PBXGroup;
			children = (
				BFC4ECC02700470200F21A78 /* FireBaseAppTest210926 */,
				BFC4ECBF2700470200F21A78 /* Products */,
				DF7317391B42A5F4F9C68246 /* Pods */,
				7EB673FF814845D9DB9EE6CD /* Frameworks */,
			);
			sourceTree = "<group>";
		};
		BFC4ECBF2700470200F21A78 /* Products */ = {
			isa = PBXGroup;
			children = (
				BFC4ECBE2700470200F21A78 /* FireBaseAppTest210926.app */,
			);
			name = Products;
			sourceTree = "<group>";
		};
		BFC4ECC02700470200F21A78 /* FireBaseAppTest210926 */ = {
			isa = PBXGroup;
			children = (
				BFC4ECC12700470200F21A78 /* AppDelegate.swift */,
				BFC4ECC32700470200F21A78 /* SceneDelegate.swift */,
				BFC4ECC52700470200F21A78 /* ViewController.swift */,
				BFC4ECC72700470200F21A78 /* Main.storyboard */,
				BFC4ECCA2700470300F21A78 /* Assets.xcassets */,
				BFC4ECCC2700470300F21A78 /* LaunchScreen.storyboard */,
				BFBC11662703167700E2C7F4 /* GoogleService-Info.plist */,
				BFC4ECCF2700470300F21A78 /* Info.plist */,
			);
			path = FireBaseAppTest210926;
			sourceTree = "<group>";
		};
		DF7317391B42A5F4F9C68246 /* Pods */ = {
			isa = PBXGroup;
			children = (
				B16A92CFB4F0B97DDEDB11B9 /* Pods-FireBaseAppTest210926.debug.xcconfig */,
				242934CF227D7E3F1E071694 /* Pods-FireBaseAppTest210926.release.xcconfig */,
			);
			path = Pods;
			sourceTree = "<group>";
		};
/* End PBXGroup section */

/* Begin PBXNativeTarget section */
		BFC4ECBD2700470200F21A78 /* FireBaseAppTest210926 */ = {
			isa = PBXNativeTarget;
			buildConfigurationList = BFC4ECD22700470300F21A78 /* Build configuration list for PBXNativeTarget "FireBaseAppTest210926" */;
			buildPhases = (
				2233D7AD187FA7A0655A3DA3 /* [CP] Check Pods Manifest.lock */,
				BFC4ECBA2700470200F21A78 /* Sources */,
				BFC4ECBB2700470200F21A78 /* Frameworks */,
				BFC4ECBC2700470200F21A78 /* Resources */,
				EED6D6F1CADC6D8F1472E30C /* [CP] Embed Pods Frameworks */,
			);
			buildRules = (
			);
			dependencies = (
			);
			name = FireBaseAppTest210926;
			productName = FireBaseAppTest210926;
			productReference = BFC4ECBE2700470200F21A78 /* FireBaseAppTest210926.app */;
			productType = "com.apple.product-type.application";
		};
/* End PBXNativeTarget section */

/* Begin PBXProject section */
		BFC4ECB62700470200F21A78 /* Project object */ = {
			isa = PBXProject;
			attributes = {
				BuildIndependentTargetsInParallel = 1;
				LastSwiftUpdateCheck = 1300;
				LastUpgradeCheck = 1300;
				TargetAttributes = {
					BFC4ECBD2700470200F21A78 = {
						CreatedOnToolsVersion = 13.0;
					};
				};
			};
			buildConfigurationList = BFC4ECB92700470200F21A78 /* Build configuration list for PBXProject "FireBaseAppTest210926" */;
			compatibilityVersion = "Xcode 13.0";
			developmentRegion = en;
			hasScannedForEncodings = 0;
			knownRegions = (
				en,
				Base,
			);
			mainGroup = BFC4ECB52700470200F21A78;
			productRefGroup = BFC4ECBF2700470200F21A78 /* Products */;
			projectDirPath = "";
			projectRoot = "";
			targets = (
				BFC4ECBD2700470200F21A78 /* FireBaseAppTest210926 */,
			);
		};
/* End PBXProject section */

/* Begin PBXResourcesBuildPhase section */
		BFC4ECBC2700470200F21A78 /* Resources */ = {
			isa = PBXResourcesBuildPhase;
			buildActionMask = 2147483647;
			files = (
				BFBC11672703167700E2C7F4 /* GoogleService-Info.plist in Resources */,
				BFC4ECCE2700470300F21A78 /* LaunchScreen.storyboard in Resources */,
				BFC4ECCB2700470300F21A78 /* Assets.xcassets in Resources */,
				BFC4ECC92700470200F21A78 /* Main.storyboard in Resources */,
			);
			runOnlyForDeploymentPostprocessing = 0;
		};
/* End PBXResourcesBuildPhase section */

/* Begin PBXShellScriptBuildPhase section */
		2233D7AD187FA7A0655A3DA3 /* [CP] Check Pods Manifest.lock */ = {
			isa = PBXShellScriptBuildPhase;
			buildActionMask = 2147483647;
			files = (
			);
			inputFileListPaths = (
			);
			inputPaths = (
				"${PODS_PODFILE_DIR_PATH}/Podfile.lock",
				"${PODS_ROOT}/Manifest.lock",
			);
			name = "[CP] Check Pods Manifest.lock";
			outputFileListPaths = (
			);
			outputPaths = (
				"$(DERIVED_FILE_DIR)/Pods-FireBaseAppTest210926-checkManifestLockResult.txt",
			);
			runOnlyForDeploymentPostprocessing = 0;
			shellPath = /bin/sh;
			shellScript = "diff \"${PODS_PODFILE_DIR_PATH}/Podfile.lock\" \"${PODS_ROOT}/Manifest.lock\" > /dev/null\nif [ $? != 0 ] ; then\n    # print error to STDERR\n    echo \"error: The sandbox is not in sync with the Podfile.lock. Run 'pod install' or update your CocoaPods installation.\" >&2\n    exit 1\nfi\n# This output is used by Xcode 'outputs' to avoid re-running this script phase.\necho \"SUCCESS\" > \"${SCRIPT_OUTPUT_FILE_0}\"\n";
			showEnvVarsInLog = 0;
		};
		EED6D6F1CADC6D8F1472E30C /* [CP] Embed Pods Frameworks */ = {
			isa = PBXShellScriptBuildPhase;
			buildActionMask = 2147483647;
			files = (
			);
			inputFileListPaths = (
				"${PODS_ROOT}/Target Support Files/Pods-FireBaseAppTest210926/Pods-FireBaseAppTest210926-frameworks-${CONFIGURATION}-input-files.xcfilelist",
			);
			name = "[CP] Embed Pods Frameworks";
			outputFileListPaths = (
				"${PODS_ROOT}/Target Support Files/Pods-FireBaseAppTest210926/Pods-FireBaseAppTest210926-frameworks-${CONFIGURATION}-output-files.xcfilelist",
			);
			runOnlyForDeploymentPostprocessing = 0;
			shellPath = /bin/sh;
			shellScript = "\"${PODS_ROOT}/Target Support Files/Pods-FireBaseAppTest210926/Pods-FireBaseAppTest210926-frameworks.sh\"\n";
			showEnvVarsInLog = 0;
		};
/* End PBXShellScriptBuildPhase section */

/* Begin PBXSourcesBuildPhase section */
		BFC4ECBA2700470200F21A78 /* Sources */ = {
			isa = PBXSourcesBuildPhase;
			buildActionMask = 2147483647;
			files = (
				BFC4ECC62700470200F21A78 /* ViewController.swift in Sources */,
				BFC4ECC22700470200F21A78 /* AppDelegate.swift in Sources */,
				BFC4ECC42700470200F21A78 /* SceneDelegate.swift in Sources */,
			);
			runOnlyForDeploymentPostprocessing = 0;
		};
/* End PBXSourcesBuildPhase section */

/* Begin PBXVariantGroup section */
		BFC4ECC72700470200F21A78 /* Main.storyboard */ = {
			isa = PBXVariantGroup;
			children = (
				BFC4ECC82700470200F21A78 /* Base */,
			);
			name = Main.storyboard;
			sourceTree = "<group>";
		};
		BFC4ECCC2700470300F21A78 /* LaunchScreen.storyboard */ = {
			isa = PBXVariantGroup;
			children = (
				BFC4ECCD2700470300F21A78 /* Base */,
			);
			name = LaunchScreen.storyboard;
			sourceTree = "<group>";
		};
/* End PBXVariantGroup section */

/* Begin XCBuildConfiguration section */
		BFC4ECD02700470300F21A78 /* Debug */ = {
			isa = XCBuildConfiguration;
			buildSettings = {
				ALWAYS_SEARCH_USER_PATHS = NO;
				CLANG_ANALYZER_NONNULL = YES;
				CLANG_ANALYZER_NUMBER_OBJECT_CONVERSION = YES_AGGRESSIVE;
				CLANG_CXX_LANGUAGE_STANDARD = "gnu++17";
				CLANG_CXX_LIBRARY = "libc++";
				CLANG_ENABLE_MODULES = YES;
				CLANG_ENABLE_OBJC_ARC = YES;
				CLANG_ENABLE_OBJC_WEAK = YES;
				CLANG_WARN_BLOCK_CAPTURE_AUTORELEASING = YES;
				CLANG_WARN_BOOL_CONVERSION = YES;
				CLANG_WARN_COMMA = YES;
				CLANG_WARN_CONSTANT_CONVERSION = YES;
				CLANG_WARN_DEPRECATED_OBJC_IMPLEMENTATIONS = YES;
				CLANG_WARN_DIRECT_OBJC_ISA_USAGE = YES_ERROR;
				CLANG_WARN_DOCUMENTATION_COMMENTS = YES;
				CLANG_WARN_EMPTY_BODY = YES;
				CLANG_WARN_ENUM_CONVERSION = YES;
				CLANG_WARN_INFINITE_RECURSION = YES;
				CLANG_WARN_INT_CONVERSION = YES;
				CLANG_WARN_NON_LITERAL_NULL_CONVERSION = YES;
				CLANG_WARN_OBJC_IMPLICIT_RETAIN_SELF = YES;
				CLANG_WARN_OBJC_LITERAL_CONVERSION = YES;
				CLANG_WARN_OBJC_ROOT_CLASS = YES_ERROR;
				CLANG_WARN_QUOTED_INCLUDE_IN_FRAMEWORK_HEADER = YES;
				CLANG_WARN_RANGE_LOOP_ANALYSIS = YES;
				CLANG_WARN_STRICT_PROTOTYPES = YES;
				CLANG_WARN_SUSPICIOUS_MOVE = YES;
				CLANG_WARN_UNGUARDED_AVAILABILITY = YES_AGGRESSIVE;
				CLANG_WARN_UNREACHABLE_CODE = YES;
				CLANG_WARN__DUPLICATE_METHOD_MATCH = YES;
				COPY_PHASE_STRIP = NO;
				DEBUG_INFORMATION_FORMAT = dwarf;
				ENABLE_STRICT_OBJC_MSGSEND = YES;
				ENABLE_TESTABILITY = YES;
				GCC_C_LANGUAGE_STANDARD = gnu11;
				GCC_DYNAMIC_NO_PIC = NO;
				GCC_NO_COMMON_BLOCKS = YES;
				GCC_OPTIMIZATION_LEVEL = 0;
				GCC_PREPROCESSOR_DEFINITIONS = (
					"DEBUG=1",
					"$(inherited)",
				);
				GCC_WARN_64_TO_32_BIT_CONVERSION = YES;
				GCC_WARN_ABOUT_RETURN_TYPE = YES_ERROR;
				GCC_WARN_UNDECLARED_SELECTOR = YES;
				GCC_WARN_UNINITIALIZED_AUTOS = YES_AGGRESSIVE;
				GCC_WARN_UNUSED_FUNCTION = YES;
				GCC_WARN_UNUSED_VARIABLE = YES;
				IPHONEOS_DEPLOYMENT_TARGET = 15.0;
				MTL_ENABLE_DEBUG_INFO = INCLUDE_SOURCE;
				MTL_FAST_MATH = YES;
				ONLY_ACTIVE_ARCH = YES;
				SDKROOT = iphoneos;
				SWIFT_ACTIVE_COMPILATION_CONDITIONS = DEBUG;
				SWIFT_OPTIMIZATION_LEVEL = "-Onone";
			};
			name = Debug;
		};
		BFC4ECD12700470300F21A78 /* Release */ = {
			isa = XCBuildConfiguration;
			buildSettings = {
				ALWAYS_SEARCH_USER_PATHS = NO;
				CLANG_ANALYZER_NONNULL = YES;
				CLANG_ANALYZER_NUMBER_OBJECT_CONVERSION = YES_AGGRESSIVE;
				CLANG_CXX_LANGUAGE_STANDARD = "gnu++17";
				CLANG_CXX_LIBRARY = "libc++";
				CLANG_ENABLE_MODULES = YES;
				CLANG_ENABLE_OBJC_ARC = YES;
				CLANG_ENABLE_OBJC_WEAK = YES;
				CLANG_WARN_BLOCK_CAPTURE_AUTORELEASING = YES;
				CLANG_WARN_BOOL_CONVERSION = YES;
				CLANG_WARN_COMMA = YES;
				CLANG_WARN_CONSTANT_CONVERSION = YES;
				CLANG_WARN_DEPRECATED_OBJC_IMPLEMENTATIONS = YES;
				CLANG_WARN_DIRECT_OBJC_ISA_USAGE = YES_ERROR;
				CLANG_WARN_DOCUMENTATION_COMMENTS = YES;
				CLANG_WARN_EMPTY_BODY = YES;
				CLANG_WARN_ENUM_CONVERSION = YES;
				CLANG_WARN_INFINITE_RECURSION = YES;
				CLANG_WARN_INT_CONVERSION = YES;
				CLANG_WARN_NON_LITERAL_NULL_CONVERSION = YES;
				CLANG_WARN_OBJC_IMPLICIT_RETAIN_SELF = YES;
				CLANG_WARN_OBJC_LITERAL_CONVERSION = YES;
				CLANG_WARN_OBJC_ROOT_CLASS = YES_ERROR;
				CLANG_WARN_QUOTED_INCLUDE_IN_FRAMEWORK_HEADER = YES;
				CLANG_WARN_RANGE_LOOP_ANALYSIS = YES;
				CLANG_WARN_STRICT_PROTOTYPES = YES;
				CLANG_WARN_SUSPICIOUS_MOVE = YES;
				CLANG_WARN_UNGUARDED_AVAILABILITY = YES_AGGRESSIVE;
				CLANG_WARN_UNREACHABLE_CODE = YES;
				CLANG_WARN__DUPLICATE_METHOD_MATCH = YES;
				COPY_PHASE_STRIP = NO;
				DEBUG_INFORMATION_FORMAT = "dwarf-with-dsym";
				ENABLE_NS_ASSERTIONS = NO;
				ENABLE_STRICT_OBJC_MSGSEND = YES;
				GCC_C_LANGUAGE_STANDARD = gnu11;
				GCC_NO_COMMON_BLOCKS = YES;
				GCC_WARN_64_TO_32_BIT_CONVERSION = YES;
				GCC_WARN_ABOUT_RETURN_TYPE = YES_ERROR;
				GCC_WARN_UNDECLARED_SELECTOR = YES;
				GCC_WARN_UNINITIALIZED_AUTOS = YES_AGGRESSIVE;
				GCC_WARN_UNUSED_FUNCTION = YES;
				GCC_WARN_UNUSED_VARIABLE = YES;
				IPHONEOS_DEPLOYMENT_TARGET = 15.0;
				MTL_ENABLE_DEBUG_INFO = NO;
				MTL_FAST_MATH = YES;
				SDKROOT = iphoneos;
				SWIFT_COMPILATION_MODE = wholemodule;
				SWIFT_OPTIMIZATION_LEVEL = "-O";
				VALIDATE_PRODUCT = YES;
			};
			name = Release;
		};
		BFC4ECD32700470300F21A78 /* Debug */ = {
			isa = XCBuildConfiguration;
			baseConfigurationReference = B16A92CFB4F0B97DDEDB11B9 /* Pods-FireBaseAppTest210926.debug.xcconfig */;
			buildSettings = {
				ASSETCATALOG_COMPILER_APPICON_NAME = AppIcon;
				ASSETCATALOG_COMPILER_GLOBAL_ACCENT_COLOR_NAME = AccentColor;
				CODE_SIGN_STYLE = Automatic;
				CURRENT_PROJECT_VERSION = 1;
				DEVELOPMENT_TEAM = PY5GZF65MN;
				GENERATE_INFOPLIST_FILE = YES;
				INFOPLIST_FILE = FireBaseAppTest210926/Info.plist;
				INFOPLIST_KEY_UIApplicationSupportsIndirectInputEvents = YES;
				INFOPLIST_KEY_UILaunchStoryboardName = LaunchScreen;
				INFOPLIST_KEY_UIMainStoryboardFile = Main;
				INFOPLIST_KEY_UISupportedInterfaceOrientations_iPad = "UIInterfaceOrientationPortrait UIInterfaceOrientationPortraitUpsideDown UIInterfaceOrientationLandscapeLeft UIInterfaceOrientationLandscapeRight";
				INFOPLIST_KEY_UISupportedInterfaceOrientations_iPhone = "UIInterfaceOrientationPortrait UIInterfaceOrientationLandscapeLeft UIInterfaceOrientationLandscapeRight";
				LD_RUNPATH_SEARCH_PATHS = (
					"$(inherited)",
					"@executable_path/Frameworks",
				);
				MARKETING_VERSION = 1.0;
				PRODUCT_BUNDLE_IDENTIFIER = com.majik0917.FireBaseAppTest210926;
				PRODUCT_NAME = "$(TARGET_NAME)";
				SWIFT_EMIT_LOC_STRINGS = YES;
				SWIFT_VERSION = 5.0;
				TARGETED_DEVICE_FAMILY = "1,2";
			};
			name = Debug;
		};
		BFC4ECD42700470300F21A78 /* Release */ = {
			isa = XCBuildConfiguration;
			baseConfigurationReference = 242934CF227D7E3F1E071694 /* Pods-FireBaseAppTest210926.release.xcconfig */;
			buildSettings = {
				ASSETCATALOG_COMPILER_APPICON_NAME = AppIcon;
				ASSETCATALOG_COMPILER_GLOBAL_ACCENT_COLOR_NAME = AccentColor;
				CODE_SIGN_STYLE = Automatic;
				CURRENT_PROJECT_VERSION = 1;
				DEVELOPMENT_TEAM = PY5GZF65MN;
				GENERATE_INFOPLIST_FILE = YES;
				INFOPLIST_FILE = FireBaseAppTest210926/Info.plist;
				INFOPLIST_KEY_UIApplicationSupportsIndirectInputEvents = YES;
				INFOPLIST_KEY_UILaunchStoryboardName = LaunchScreen;
				INFOPLIST_KEY_UIMainStoryboardFile = Main;
				INFOPLIST_KEY_UISupportedInterfaceOrientations_iPad = "UIInterfaceOrientationPortrait UIInterfaceOrientationPortraitUpsideDown UIInterfaceOrientationLandscapeLeft UIInterfaceOrientationLandscapeRight";
				INFOPLIST_KEY_UISupportedInterfaceOrientations_iPhone = "UIInterfaceOrientationPortrait UIInterfaceOrientationLandscapeLeft UIInterfaceOrientationLandscapeRight";
				LD_RUNPATH_SEARCH_PATHS = (
					"$(inherited)",
					"@executable_path/Frameworks",
				);
				MARKETING_VERSION = 1.0;
				PRODUCT_BUNDLE_IDENTIFIER = com.majik0917.FireBaseAppTest210926;
				PRODUCT_NAME = "$(TARGET_NAME)";
				SWIFT_EMIT_LOC_STRINGS = YES;
				SWIFT_VERSION = 5.0;
				TARGETED_DEVICE_FAMILY = "1,2";
			};
			name = Release;
		};
/* End XCBuildConfiguration section */

/* Begin XCConfigurationList section */
		BFC4ECB92700470200F21A78 /* Build configuration list for PBXProject "FireBaseAppTest210926" */ = {
			isa = XCConfigurationList;
			buildConfigurations = (
				BFC4ECD02700470300F21A78 /* Debug */,
				BFC4ECD12700470300F21A78 /* Release */,
			);
			defaultConfigurationIsVisible = 0;
			defaultConfigurationName = Release;
		};
		BFC4ECD22700470300F21A78 /* Build configuration list for PBXNativeTarget "FireBaseAppTest210926" */ = {
			isa = XCConfigurationList;
			buildConfigurations = (
				BFC4ECD32700470300F21A78 /* Debug */,
				BFC4ECD42700470300F21A78 /* Release */,
			);
			defaultConfigurationIsVisible = 0;
			defaultConfigurationName = Release;
		};
/* End XCConfigurationList section */
	};
	rootObject = BFC4ECB62700470200F21A78 /* Project object */;
}
